
Microsoft Visual Studio Solution File, Format Version 12.00
# Visual Studio Version 16
VisualStudioVersion = 16.0.810.14
MinimumVisualStudioVersion = 10.0.40219.1
Project("{FAE04EC0-301F-11D3-BF4B-00C04F79EFBC}") = "NUnitHyperTestDemo", "NUnitHyperTestDemo\NUnitHyperTestDemo.csproj", "{07AE3FA1-9D04-4743-ACF8-3E40315B4CEA}"
EndProject
Global
	GlobalSection(SolutionConfigurationPlatforms) = preSolution
		Debug|Any CPU = Debug|Any CPU
		Release|Any CPU = Release|Any CPU
	EndGlobalSection
	GlobalSection(ProjectConfigurationPlatforms) = postSolution
		{07AE3FA1-9D04-4743-ACF8-3E40315B4CEA}.Debug|Any CPU.ActiveCfg = Debug|Any CPU
		{07AE3FA1-9D04-4743-ACF8-3E40315B4CEA}.Debug|Any CPU.Build.0 = Debug|Any CPU
		{07AE3FA1-9D04-4743-ACF8-3E40315B4CEA}.Release|Any CPU.ActiveCfg = Release|Any CPU
		{07AE3FA1-9D04-4743-ACF8-3E40315B4CEA}.Release|Any CPU.Build.0 = Release|Any CPU
	EndGlobalSection
	GlobalSection(SolutionProperties) = preSolution
		HideSolutionNode = FALSE
	EndGlobalSection
	GlobalSection(ExtensibilityGlobals) = postSolution
		SolutionGuid = {4972C1DC-7ADA-428C-A665-CB37D9A95AB2}
	EndGlobalSection
EndGlobal
